version = 1
revision = 3
requires-python = ">=3.10"

[[package]]
name = "kreuzberg"
version = "4.4.0"
source = { registry = "https://pypi.org/simple" }
sdist = { url = "https://files.pythonhosted.org/packages/ab/b0/f983906cc534bb28a6ce9f15f02e30f26095ae3e53fc70a6712331d076a9/kreuzberg-4.4.0.tar.gz", hash = "sha256:bee9f3ee356f44e8318d226299c77af4cc52baf2b56115697f3c671f5350cc1c", size = 1733051, upload-time = "2026-02-27T22:40:36.417Z" }
wheels = [
    { url = "https://files.pythonhosted.org/packages/b1/1d/a8fbbbb89248e5a9237456548a8aab51c85f993ba847c3e7b397957ed394/kreuzberg-4.4.0-cp310-abi3-macosx_14_0_arm64.whl", hash = "sha256:3c9d7a615e12d504e4ffc35f2216b30cf43591f305c32415397ca75da55dc17a", size = 31618169, upload-time = "2026-02-27T22:40:21.679Z" },
    { url = "https://files.pythonhosted.org/packages/77/cb/1f6f5a1e0372c18ca1e13eed6f75b5da3fb234dc555934e933ec1fd2db8f/kreuzberg-4.4.0-cp310-abi3-manylinux_2_17_x86_64.manylinux2014_x86_64.whl", hash = "sha256:f8f9158e9d85a6a2b4c4e65a9f14baeeaeb926ff8e0dfdf3d2a0baa388e64f28", size = 35833280, upload-time = "2026-02-27T22:40:25.85Z" },
    { url = "https://files.pythonhosted.org/packages/e6/e9/1008a42f1ae5414666e7d2ccac9b204384ed34f39fb349bfb778d78b915a/kreuzberg-4.4.0-cp310-abi3-manylinux_2_28_aarch64.whl", hash = "sha256:7217eae7573dec6757ac50b41fb8c0af0232d7bdddfe5ebe38b303623c050931", size = 34930247, upload-time = "2026-02-27T22:40:29.505Z" },
    { url = "https://files.pythonhosted.org/packages/09/c5/51ecfda81f9d38ea6d1a499025c20454ab5d6731936ff9cb9c0d7d0f0ee6/kreuzberg-4.4.0-cp310-abi3-win_amd64.whl", hash = "sha256:e3106387a0e0691cf12d88bc4b18f9b5c1b433443f35ae4a690e43c4d3a8b05d", size = 37518250, upload-time = "2026-02-27T22:40:32.847Z" },
]

[[package]]
name = "kreuzberg-test-app-python"
version = "4.4.0"
source = { virtual = "." }
dependencies = [
    { name = "kreuzberg" },
]

[package.metadata]
requires-dist = [{ name = "kreuzberg", specifier = "==4.4.0" }]
